{
  "name": "servermonitor-agent",
  "version": "0.1.14",
  "lockfileVersion": 3,
  "requires": true,
  "packages": {
    "": {
      "name": "servermonitor-agent",
      "version": "0.1.14",
      "dependencies": {
        "systeminformation": "^5.24.0"
      },
      "bin": {
        "servermonitor-agent": "agent.mjs"
      },
      "engines": {
        "node": ">=18"
      }
    },
    "node_modules/systeminformation": {
      "version": "5.33.6",
      "resolved": "https://registry.npmjs.org/systeminformation/-/systeminformation-5.33.6.tgz",
      "integrity": "sha512-hMOQG/eRUzuopuYGGdl8ntkau0nEC7fOaRoTUg1RSr2GTQIk2VNa76DA0+ApajkGfzmcgAupgIP/vt+jtoe5EA==",
      "license": "MIT",
      "os": [
        "darwin",
        "linux",
        "win32",
        "freebsd",
        "openbsd",
        "netbsd",
        "sunos",
        "android"
      ],
      "bin": {
        "systeminformation": "lib/cli.js"
      },
      "engines": {
        "node": ">=10.0.0"
      },
      "funding": {
        "type": "Buy me a coffee",
        "url": "https://www.buymeacoffee.com/systeminfo"
      }
    }
  }
}
